{
  "name": "atl-test-vectors",
  "version": "0.1.0-experimental.1",
  "lockfileVersion": 3,
  "requires": true,
  "packages": {
    "": {
      "name": "atl-test-vectors",
      "version": "0.1.0-experimental.1",
      "license": "Apache-2.0",
      "dependencies": {
        "@peptiderx/atl-verifier": "0.2.0-experimental.2"
      }
    },
    "node_modules/@peptiderx/atl-verifier": {
      "version": "0.2.0-experimental.2",
      "resolved": "https://registry.npmjs.org/@peptiderx/atl-verifier/-/atl-verifier-0.2.0-experimental.2.tgz",
      "integrity": "sha512-+ZKHy+d1+3hmLV2Pwq0ZfyDBzw+HbkgbMo6Humqc1xfoW9sBHiV1wKADw0CTMiikpOZ7W+8xz0xQsRDuITAjDw==",
      "license": "Apache-2.0",
      "bin": {
        "atl-verify-pda": "dist/bin/atl-verify-pda.js"
      }
    }
  }
}
