{
  "name": "atl-test-vectors",
  "version": "0.1.0-experimental.1",
  "lockfileVersion": 3,
  "requires": true,
  "packages": {
    "": {
      "name": "atl-test-vectors",
      "version": "0.1.0-experimental.1",
      "license": "Apache-2.0",
      "dependencies": {
        "@peptiderx/atl-verifier": "0.2.0-experimental.3"
      }
    },
    "node_modules/@peptiderx/atl-verifier": {
      "version": "0.2.0-experimental.3",
      "resolved": "https://registry.npmjs.org/@peptiderx/atl-verifier/-/atl-verifier-0.2.0-experimental.3.tgz",
      "integrity": "sha512-MUXSq5181mxhMn8zUjdd71iOJyX7+pqmQ/wqF7lk4OXduSqYQ2zdlsCBmtv5O5TPlc9b2baXtCOQniQkcldarg==",
      "license": "Apache-2.0",
      "bin": {
        "atl-verify-pda": "dist/bin/atl-verify-pda.js"
      }
    }
  }
}
